
Microsoft Visual Studio Solution File, Format Version 12.00
# Visual Studio Version 16
VisualStudioVersion = 16.0.35325.158
MinimumVisualStudioVersion = 10.0.40219.1
Project("{FAE04EC0-301F-11D3-BF4B-00C04F79EFBC}") = "Mini_Project_Main", "Mini_Project_Main\Mini_Project_Main.csproj", "{60546AF8-F02C-45CB-96AE-862AF0EED9E5}"
EndProject
Global
	GlobalSection(SolutionConfigurationPlatforms) = preSolution
		Debug|Any CPU = Debug|Any CPU
		Release|Any CPU = Release|Any CPU
	EndGlobalSection
	GlobalSection(ProjectConfigurationPlatforms) = postSolution
		{60546AF8-F02C-45CB-96AE-862AF0EED9E5}.Debug|Any CPU.ActiveCfg = Debug|Any CPU
		{60546AF8-F02C-45CB-96AE-862AF0EED9E5}.Debug|Any CPU.Build.0 = Debug|Any CPU
		{60546AF8-F02C-45CB-96AE-862AF0EED9E5}.Release|Any CPU.ActiveCfg = Release|Any CPU
		{60546AF8-F02C-45CB-96AE-862AF0EED9E5}.Release|Any CPU.Build.0 = Release|Any CPU
	EndGlobalSection
	GlobalSection(SolutionProperties) = preSolution
		HideSolutionNode = FALSE
	EndGlobalSection
	GlobalSection(ExtensibilityGlobals) = postSolution
		SolutionGuid = {18BFB4B6-3437-4755-9C5D-4A8A67EF800E}
	EndGlobalSection
EndGlobal
