
Microsoft Visual Studio Solution File, Format Version 12.00
# Visual Studio Version 16
VisualStudioVersion = 16.0.35325.158
MinimumVisualStudioVersion = 10.0.40219.1
Project("{FAE04EC0-301F-11D3-BF4B-00C04F79EFBC}") = "Assessment-4", "Assessment-4\Assessment-4.csproj", "{5D216F54-2BFD-4ACE-A727-48853992542E}"
EndProject
Global
	GlobalSection(SolutionConfigurationPlatforms) = preSolution
		Debug|Any CPU = Debug|Any CPU
		Release|Any CPU = Release|Any CPU
	EndGlobalSection
	GlobalSection(ProjectConfigurationPlatforms) = postSolution
		{5D216F54-2BFD-4ACE-A727-48853992542E}.Debug|Any CPU.ActiveCfg = Debug|Any CPU
		{5D216F54-2BFD-4ACE-A727-48853992542E}.Debug|Any CPU.Build.0 = Debug|Any CPU
		{5D216F54-2BFD-4ACE-A727-48853992542E}.Release|Any CPU.ActiveCfg = Release|Any CPU
		{5D216F54-2BFD-4ACE-A727-48853992542E}.Release|Any CPU.Build.0 = Release|Any CPU
	EndGlobalSection
	GlobalSection(SolutionProperties) = preSolution
		HideSolutionNode = FALSE
	EndGlobalSection
	GlobalSection(ExtensibilityGlobals) = postSolution
		SolutionGuid = {38914655-3B91-47D8-8481-2A11B9D9166E}
	EndGlobalSection
EndGlobal
