
Microsoft Visual Studio Solution File, Format Version 12.00
# Visual Studio Version 16
VisualStudioVersion = 16.0.35325.158
MinimumVisualStudioVersion = 10.0.40219.1
Project("{FAE04EC0-301F-11D3-BF4B-00C04F79EFBC}") = "Assignment-2", "Assignment-2\Assignment-2.csproj", "{AC0A5281-F1E9-4CBD-9478-C5443C9B0691}"
EndProject
Global
	GlobalSection(SolutionConfigurationPlatforms) = preSolution
		Debug|Any CPU = Debug|Any CPU
		Release|Any CPU = Release|Any CPU
	EndGlobalSection
	GlobalSection(ProjectConfigurationPlatforms) = postSolution
		{AC0A5281-F1E9-4CBD-9478-C5443C9B0691}.Debug|Any CPU.ActiveCfg = Debug|Any CPU
		{AC0A5281-F1E9-4CBD-9478-C5443C9B0691}.Debug|Any CPU.Build.0 = Debug|Any CPU
		{AC0A5281-F1E9-4CBD-9478-C5443C9B0691}.Release|Any CPU.ActiveCfg = Release|Any CPU
		{AC0A5281-F1E9-4CBD-9478-C5443C9B0691}.Release|Any CPU.Build.0 = Release|Any CPU
	EndGlobalSection
	GlobalSection(SolutionProperties) = preSolution
		HideSolutionNode = FALSE
	EndGlobalSection
	GlobalSection(ExtensibilityGlobals) = postSolution
		SolutionGuid = {F63B00BE-9FA4-4590-B82F-62D90EB20D64}
	EndGlobalSection
EndGlobal
