
Microsoft Visual Studio Solution File, Format Version 12.00
# Visual Studio Version 17
VisualStudioVersion = 17.11.35327.3
MinimumVisualStudioVersion = 10.0.40219.1
Project("{FAE04EC0-301F-11D3-BF4B-00C04F79EFBC}") = "check_positive-negative", "check_positive-negative.csproj", "{14975398-ECE8-4844-9CC4-D08DE7577002}"
EndProject
Global
	GlobalSection(SolutionConfigurationPlatforms) = preSolution
		Debug|Any CPU = Debug|Any CPU
		Release|Any CPU = Release|Any CPU
	EndGlobalSection
	GlobalSection(ProjectConfigurationPlatforms) = postSolution
		{14975398-ECE8-4844-9CC4-D08DE7577002}.Debug|Any CPU.ActiveCfg = Debug|Any CPU
		{14975398-ECE8-4844-9CC4-D08DE7577002}.Debug|Any CPU.Build.0 = Debug|Any CPU
		{14975398-ECE8-4844-9CC4-D08DE7577002}.Release|Any CPU.ActiveCfg = Release|Any CPU
		{14975398-ECE8-4844-9CC4-D08DE7577002}.Release|Any CPU.Build.0 = Release|Any CPU
	EndGlobalSection
	GlobalSection(SolutionProperties) = preSolution
		HideSolutionNode = FALSE
	EndGlobalSection
	GlobalSection(ExtensibilityGlobals) = postSolution
		SolutionGuid = {A97D61B3-F6A1-4A53-B987-3CA45CC401A8}
	EndGlobalSection
EndGlobal
